
Microsoft Visual Studio Solution File, Format Version 12.00
# Visual Studio Version 16
VisualStudioVersion = 16.0.32901.82
MinimumVisualStudioVersion = 10.0.40219.1
Project("{FAE04EC0-301F-11D3-BF4B-00C04F79EFBC}") = "EXE5_122_KELOMPOK7", "EXE5_122_KELOMPOK3\EXE5_122_KELOMPOK7.csproj", "{023B55BA-B6D9-4654-9E86-F2E54F1B12C5}"
EndProject
Global
	GlobalSection(SolutionConfigurationPlatforms) = preSolution
		Debug|Any CPU = Debug|Any CPU
		Release|Any CPU = Release|Any CPU
	EndGlobalSection
	GlobalSection(ProjectConfigurationPlatforms) = postSolution
		{023B55BA-B6D9-4654-9E86-F2E54F1B12C5}.Debug|Any CPU.ActiveCfg = Debug|Any CPU
		{023B55BA-B6D9-4654-9E86-F2E54F1B12C5}.Debug|Any CPU.Build.0 = Debug|Any CPU
		{023B55BA-B6D9-4654-9E86-F2E54F1B12C5}.Release|Any CPU.ActiveCfg = Release|Any CPU
		{023B55BA-B6D9-4654-9E86-F2E54F1B12C5}.Release|Any CPU.Build.0 = Release|Any CPU
	EndGlobalSection
	GlobalSection(SolutionProperties) = preSolution
		HideSolutionNode = FALSE
	EndGlobalSection
	GlobalSection(ExtensibilityGlobals) = postSolution
		SolutionGuid = {2FCEE494-E1A9-41CF-AAD2-D4318C32138B}
	EndGlobalSection
EndGlobal
